
Microsoft Visual Studio Solution File, Format Version 12.00
# Visual Studio Version 16
VisualStudioVersion = 16.0.31402.337
MinimumVisualStudioVersion = 10.0.40219.1
Project("{FAE04EC0-301F-11D3-BF4B-00C04F79EFBC}") = "Anagrama", "Anagrama.csproj", "{EB9F5C16-DEC4-4D1E-AAAB-7E457BA42C19}"
EndProject
Global
	GlobalSection(SolutionConfigurationPlatforms) = preSolution
		Debug|Any CPU = Debug|Any CPU
		Release|Any CPU = Release|Any CPU
	EndGlobalSection
	GlobalSection(ProjectConfigurationPlatforms) = postSolution
		{EB9F5C16-DEC4-4D1E-AAAB-7E457BA42C19}.Debug|Any CPU.ActiveCfg = Debug|Any CPU
		{EB9F5C16-DEC4-4D1E-AAAB-7E457BA42C19}.Debug|Any CPU.Build.0 = Debug|Any CPU
		{EB9F5C16-DEC4-4D1E-AAAB-7E457BA42C19}.Release|Any CPU.ActiveCfg = Release|Any CPU
		{EB9F5C16-DEC4-4D1E-AAAB-7E457BA42C19}.Release|Any CPU.Build.0 = Release|Any CPU
	EndGlobalSection
	GlobalSection(SolutionProperties) = preSolution
		HideSolutionNode = FALSE
	EndGlobalSection
	GlobalSection(ExtensibilityGlobals) = postSolution
		SolutionGuid = {AF10CC98-1F7C-4991-A12F-4A02749B3C81}
	EndGlobalSection
EndGlobal
